
Microsoft Visual Studio Solution File, Format Version 12.00
# Visual Studio Version 16
VisualStudioVersion = 16.0.32929.386
MinimumVisualStudioVersion = 10.0.40219.1
Project("{8BC9CEB8-8B4A-11D0-8D11-00A0C91BC942}") = "OOP C--", "OOP C--\OOP C--.vcxproj", "{4FE9B3C3-1C6C-4E84-A9E0-F4E4A5DC43F8}"
EndProject
Global
	GlobalSection(SolutionConfigurationPlatforms) = preSolution
		Debug|x64 = Debug|x64
		Debug|x86 = Debug|x86
		Release|x64 = Release|x64
		Release|x86 = Release|x86
	EndGlobalSection
	GlobalSection(ProjectConfigurationPlatforms) = postSolution
		{4FE9B3C3-1C6C-4E84-A9E0-F4E4A5DC43F8}.Debug|x64.ActiveCfg = Debug|x64
		{4FE9B3C3-1C6C-4E84-A9E0-F4E4A5DC43F8}.Debug|x64.Build.0 = Debug|x64
		{4FE9B3C3-1C6C-4E84-A9E0-F4E4A5DC43F8}.Debug|x86.ActiveCfg = Debug|Win32
		{4FE9B3C3-1C6C-4E84-A9E0-F4E4A5DC43F8}.Debug|x86.Build.0 = Debug|Win32
		{4FE9B3C3-1C6C-4E84-A9E0-F4E4A5DC43F8}.Release|x64.ActiveCfg = Release|x64
		{4FE9B3C3-1C6C-4E84-A9E0-F4E4A5DC43F8}.Release|x64.Build.0 = Release|x64
		{4FE9B3C3-1C6C-4E84-A9E0-F4E4A5DC43F8}.Release|x86.ActiveCfg = Release|Win32
		{4FE9B3C3-1C6C-4E84-A9E0-F4E4A5DC43F8}.Release|x86.Build.0 = Release|Win32
	EndGlobalSection
	GlobalSection(SolutionProperties) = preSolution
		HideSolutionNode = FALSE
	EndGlobalSection
	GlobalSection(ExtensibilityGlobals) = postSolution
		SolutionGuid = {58709900-3DA2-452A-B913-B5744F969912}
	EndGlobalSection
EndGlobal
